
Microsoft Visual Studio Solution File, Format Version 12.00
# Visual Studio 15
VisualStudioVersion = 15.0.27703.2026
MinimumVisualStudioVersion = 10.0.40219.1
Project("{FAE04EC0-301F-11D3-BF4B-00C04F79EFBC}") = "EfsSystem", "EfsSystem\EfsSystem.csproj", "{E3324069-93A9-4D8A-9A59-4A549D2A0422}"
EndProject
Global
	GlobalSection(SolutionConfigurationPlatforms) = preSolution
		Debug|Any CPU = Debug|Any CPU
		Release|Any CPU = Release|Any CPU
	EndGlobalSection
	GlobalSection(ProjectConfigurationPlatforms) = postSolution
		{E3324069-93A9-4D8A-9A59-4A549D2A0422}.Debug|Any CPU.ActiveCfg = Debug|Any CPU
		{E3324069-93A9-4D8A-9A59-4A549D2A0422}.Debug|Any CPU.Build.0 = Debug|Any CPU
		{E3324069-93A9-4D8A-9A59-4A549D2A0422}.Release|Any CPU.ActiveCfg = Release|Any CPU
		{E3324069-93A9-4D8A-9A59-4A549D2A0422}.Release|Any CPU.Build.0 = Release|Any CPU
	EndGlobalSection
	GlobalSection(SolutionProperties) = preSolution
		HideSolutionNode = FALSE
	EndGlobalSection
	GlobalSection(ExtensibilityGlobals) = postSolution
		SolutionGuid = {E15AB976-2ED6-4C7A-AE61-E3B1ABA1120E}
	EndGlobalSection
EndGlobal
